
Microsoft Visual Studio Solution File, Format Version 12.00
# Visual Studio Version 16
VisualStudioVersion = 16.0.30413.136
MinimumVisualStudioVersion = 10.0.40219.1
Project("{9A19103F-16F7-4668-BE54-9A1E7A4F7556}") = "BookingAPI", "BookingAPI\BookingAPI.csproj", "{30F02DA6-1345-406F-A995-320CE686304F}"
EndProject
Project("{9A19103F-16F7-4668-BE54-9A1E7A4F7556}") = "Common", "Common\Common.csproj", "{3F3AD27E-BE39-40EA-B1A6-DF93BD0CD6C8}"
EndProject
Global
	GlobalSection(SolutionConfigurationPlatforms) = preSolution
		Debug|Any CPU = Debug|Any CPU
		Release|Any CPU = Release|Any CPU
	EndGlobalSection
	GlobalSection(ProjectConfigurationPlatforms) = postSolution
		{30F02DA6-1345-406F-A995-320CE686304F}.Debug|Any CPU.ActiveCfg = Debug|Any CPU
		{30F02DA6-1345-406F-A995-320CE686304F}.Debug|Any CPU.Build.0 = Debug|Any CPU
		{30F02DA6-1345-406F-A995-320CE686304F}.Release|Any CPU.ActiveCfg = Release|Any CPU
		{30F02DA6-1345-406F-A995-320CE686304F}.Release|Any CPU.Build.0 = Release|Any CPU
		{3F3AD27E-BE39-40EA-B1A6-DF93BD0CD6C8}.Debug|Any CPU.ActiveCfg = Debug|Any CPU
		{3F3AD27E-BE39-40EA-B1A6-DF93BD0CD6C8}.Debug|Any CPU.Build.0 = Debug|Any CPU
		{3F3AD27E-BE39-40EA-B1A6-DF93BD0CD6C8}.Release|Any CPU.ActiveCfg = Release|Any CPU
		{3F3AD27E-BE39-40EA-B1A6-DF93BD0CD6C8}.Release|Any CPU.Build.0 = Release|Any CPU
	EndGlobalSection
	GlobalSection(SolutionProperties) = preSolution
		HideSolutionNode = FALSE
	EndGlobalSection
	GlobalSection(ExtensibilityGlobals) = postSolution
		SolutionGuid = {E1F34C78-088E-4CF3-B325-A160B3F43106}
	EndGlobalSection
EndGlobal
